
Microsoft Visual Studio Solution File, Format Version 12.00
# Visual Studio Version 16
VisualStudioVersion = 16.0.29920.165
MinimumVisualStudioVersion = 10.0.40219.1
Project("{FAE04EC0-301F-11D3-BF4B-00C04F79EFBC}") = "Hexagon Ini Generator", "Hexagon Ini Generator\Hexagon Ini Generator.csproj", "{8CBA28BC-802B-4820-BE08-8BA482BA7F2C}"
EndProject
Global
	GlobalSection(SolutionConfigurationPlatforms) = preSolution
		Debug|Any CPU = Debug|Any CPU
		Release|Any CPU = Release|Any CPU
	EndGlobalSection
	GlobalSection(ProjectConfigurationPlatforms) = postSolution
		{8CBA28BC-802B-4820-BE08-8BA482BA7F2C}.Debug|Any CPU.ActiveCfg = Debug|Any CPU
		{8CBA28BC-802B-4820-BE08-8BA482BA7F2C}.Debug|Any CPU.Build.0 = Debug|Any CPU
		{8CBA28BC-802B-4820-BE08-8BA482BA7F2C}.Release|Any CPU.ActiveCfg = Release|Any CPU
		{8CBA28BC-802B-4820-BE08-8BA482BA7F2C}.Release|Any CPU.Build.0 = Release|Any CPU
	EndGlobalSection
	GlobalSection(SolutionProperties) = preSolution
		HideSolutionNode = FALSE
	EndGlobalSection
	GlobalSection(ExtensibilityGlobals) = postSolution
		SolutionGuid = {41C43FDE-EF37-43FB-8EAF-0D02FA719195}
	EndGlobalSection
EndGlobal
